<?xml version="1.0" encoding="utf-8"?>
<Project ToolsVersion="4.0" xmlns="http://schemas.microsoft.com/developer/msbuild/2003">
  <ItemGroup>
    <Filter Include="Resource Files">
      <UniqueIdentifier>{67DA6AB6-F800-4c08-8B7A-83BB121AAD01}</UniqueIdentifier>
      <Extensions>rc;ico;cur;bmp;dlg;rc2;rct;bin;rgs;gif;jpg;jpeg;jpe;resx;tiff;tif;png;wav;mfcribbon-ms</Extensions>
    </Filter>
    <Filter Include="src">
      <UniqueIdentifier>{bb14b99a-5a46-4b23-b2ef-07f6c2a5805e}</UniqueIdentifier>
    </Filter>
    <Filter Include="src\pomelobind">
      <UniqueIdentifier>{c2fc714b-8f96-4aa0-9e9b-e0879e733c7f}</UniqueIdentifier>
    </Filter>
    <Filter Include="src\win32">
      <UniqueIdentifier>{bc51c81a-4b7f-4cf8-96b0-31ceaee64eb6}</UniqueIdentifier>
    </Filter>
  </ItemGroup>
  <ItemGroup>
    <ClInclude Include="..\src\PlayerProtocol.h">
      <Filter>src</Filter>
    </ClInclude>
    <ClInclude Include="..\src\PlayerUtils.h">
      <Filter>src</Filter>
    </ClInclude>
    <ClInclude Include="..\src\AppDelegate.h">
      <Filter>src</Filter>
    </ClInclude>
    <ClInclude Include="..\src\PlayerFileDialogServiceProtocol.h">
      <Filter>src</Filter>
    </ClInclude>
    <ClInclude Include="..\src\PlayerMacros.h">
      <Filter>src</Filter>
    </ClInclude>
    <ClInclude Include="..\src\PlayerMenuServiceProtocol.h">
      <Filter>src</Filter>
    </ClInclude>
    <ClInclude Include="..\src\PlayerMessageBoxServiceProtocol.h">
      <Filter>src</Filter>
    </ClInclude>
    <ClInclude Include="..\src\PlayerServiceProtocol.h">
      <Filter>src</Filter>
    </ClInclude>
    <ClInclude Include="Resource.h">
      <Filter>src\win32</Filter>
    </ClInclude>
    <ClInclude Include="stdafx.h">
      <Filter>src\win32</Filter>
    </ClInclude>
    <ClInclude Include="targetver.h">
      <Filter>src\win32</Filter>
    </ClInclude>
    <ClInclude Include="..\src\PlayerSettings.h">
      <Filter>src</Filter>
    </ClInclude>
    <ClInclude Include="PlayerMessageBoxServiceWin.h">
      <Filter>src\win32</Filter>
    </ClInclude>
    <ClInclude Include="PlayerMenuServiceWin.h">
      <Filter>src\win32</Filter>
    </ClInclude>
    <ClInclude Include="PlayerWin.h">
      <Filter>src\win32</Filter>
    </ClInclude>
    <ClInclude Include="PlayerFileDialogServiceWin.h">
      <Filter>src\win32</Filter>
    </ClInclude>
    <ClInclude Include="..\src\PlayerEditBoxServiceProtocol.h">
      <Filter>src</Filter>
    </ClInclude>
    <ClInclude Include="PlayerEditBoxServiceWin.h">
      <Filter>src\win32</Filter>
    </ClInclude>
    <ClInclude Include="..\src\PlayerTaskServiceProtocol.h">
      <Filter>src</Filter>
    </ClInclude>
    <ClInclude Include="PlayerTaskServiceWin.h">
      <Filter>src\win32</Filter>
    </ClInclude>
    <ClInclude Include="..\src\PlayerLuaCore.h">
      <Filter>src</Filter>
    </ClInclude>
    <ClInclude Include="..\src\PlayerLuaCoreManual.hpp">
      <Filter>src</Filter>
    </ClInclude>
    <ClInclude Include="..\..\lib\lua_bindings\manual\pomelobind\PomeloClient_luabinding.h">
      <Filter>src\pomelobind</Filter>
    </ClInclude>
    <ClInclude Include="..\..\lib\lua_bindings\manual\pomelobind\PomeloClient.h">
      <Filter>src\pomelobind</Filter>
    </ClInclude>
  </ItemGroup>
  <ItemGroup>
    <ClCompile Include="..\src\PlayerProtocol.cpp">
      <Filter>src</Filter>
    </ClCompile>
    <ClCompile Include="..\src\AppDelegate.cpp">
      <Filter>src</Filter>
    </ClCompile>
    <ClCompile Include="..\src\PlayerServiceProtocol.cpp">
      <Filter>src</Filter>
    </ClCompile>
    <ClCompile Include="stdafx.cpp">
      <Filter>src\win32</Filter>
    </ClCompile>
    <ClCompile Include="..\src\PlayerSettings.cpp">
      <Filter>src</Filter>
    </ClCompile>
    <ClCompile Include="..\src\PlayerMenuServiceProtocol.cpp">
      <Filter>src</Filter>
    </ClCompile>
    <ClCompile Include="PlayerMessageBoxServiceWin.cpp">
      <Filter>src\win32</Filter>
    </ClCompile>
    <ClCompile Include="PlayerMenuServiceWin.cpp">
      <Filter>src\win32</Filter>
    </ClCompile>
    <ClCompile Include="PlayerWin.cpp">
      <Filter>src\win32</Filter>
    </ClCompile>
    <ClCompile Include="PlayerFileDialogServiceWin.cpp">
      <Filter>src\win32</Filter>
    </ClCompile>
    <ClCompile Include="..\src\PlayerUtils.cpp">
      <Filter>src</Filter>
    </ClCompile>
    <ClCompile Include="PlayerEditBoxServiceWin.cpp">
      <Filter>src\win32</Filter>
    </ClCompile>
    <ClCompile Include="PlayerTaskServiceWin.cpp">
      <Filter>src\win32</Filter>
    </ClCompile>
    <ClCompile Include="..\src\PlayerTaskServiceProtocol.cpp">
      <Filter>src</Filter>
    </ClCompile>
    <ClCompile Include="..\src\PlayerLuaCore.cpp">
      <Filter>src</Filter>
    </ClCompile>
    <ClCompile Include="..\src\PlayerLuaCoreManual.cpp">
      <Filter>src</Filter>
    </ClCompile>
    <ClCompile Include="..\..\lib\lua_bindings\manual\pomelobind\PomeloClient.cpp">
      <Filter>src\pomelobind</Filter>
    </ClCompile>
    <ClCompile Include="..\..\lib\lua_bindings\manual\pomelobind\PomeloClient_luabinding.cpp">
      <Filter>src\pomelobind</Filter>
    </ClCompile>
  </ItemGroup>
  <ItemGroup>
    <ResourceCompile Include="player3.rc">
      <Filter>Resource Files</Filter>
    </ResourceCompile>
  </ItemGroup>
  <ItemGroup>
    <Image Include="player3.ico">
      <Filter>Resource Files</Filter>
    </Image>
  </ItemGroup>
</Project>